// !$*UTF8*$!
{
	archiveVersion = 1;
	classes = {
	};
	objectVersion = 46;
	objects = {

/* Begin PBXBuildFile section */
		6C059C801FA73D1D00950F38 /* SQFileMainPageController.swift in Sources */ = {isa = PBXBuildFile; fileRef = 6C059C7E1FA73D1D00950F38 /* SQFileMainPageController.swift */; };
		6C059C811FA73D1D00950F38 /* SQFileMainPageController.xib in Resources */ = {isa = PBXBuildFile; fileRef = 6C059C7F1FA73D1D00950F38 /* SQFileMainPageController.xib */; };
		6C059C831FA745F600950F38 /* SQFileIndexMenu.swift in Sources */ = {isa = PBXBuildFile; fileRef = 6C059C821FA745F600950F38 /* SQFileIndexMenu.swift */; };
		6C059C851FA7460200950F38 /* SQFileIndexMenu.xib in Resources */ = {isa = PBXBuildFile; fileRef = 6C059C841FA7460200950F38 /* SQFileIndexMenu.xib */; };
		6C059C881FA74AD500950F38 /* SQFileIndexMenuCell.swift in Sources */ = {isa = PBXBuildFile; fileRef = 6C059C861FA74AD500950F38 /* SQFileIndexMenuCell.swift */; };
		6C059C891FA74AD500950F38 /* SQFileIndexMenuCell.xib in Resources */ = {isa = PBXBuildFile; fileRef = 6C059C871FA74AD500950F38 /* SQFileIndexMenuCell.xib */; };
		6C059C8B1FA7571B00950F38 /* SQFileMainPageDetailsView.swift in Sources */ = {isa = PBXBuildFile; fileRef = 6C059C8A1FA7571B00950F38 /* SQFileMainPageDetailsView.swift */; };
		6C059C8D1FA7572700950F38 /* SQFileMainPageDetailsView.xib in Resources */ = {isa = PBXBuildFile; fileRef = 6C059C8C1FA7572700950F38 /* SQFileMainPageDetailsView.xib */; };
		6C0B86FA1F9A3D460039CAB1 /* AppDelegate.swift in Sources */ = {isa = PBXBuildFile; fileRef = 6C0B86F91F9A3D460039CAB1 /* AppDelegate.swift */; };
		6C0B86FC1F9A3D460039CAB1 /* ViewController.swift in Sources */ = {isa = PBXBuildFile; fileRef = 6C0B86FB1F9A3D460039CAB1 /* ViewController.swift */; };
		6C0B86FF1F9A3D460039CAB1 /* Main.storyboard in Resources */ = {isa = PBXBuildFile; fileRef = 6C0B86FD1F9A3D460039CAB1 /* Main.storyboard */; };
		6C0B87011F9A3D460039CAB1 /* Assets.xcassets in Resources */ = {isa = PBXBuildFile; fileRef = 6C0B87001F9A3D460039CAB1 /* Assets.xcassets */; };
		6C0B87041F9A3D460039CAB1 /* LaunchScreen.storyboard in Resources */ = {isa = PBXBuildFile; fileRef = 6C0B87021F9A3D460039CAB1 /* LaunchScreen.storyboard */; };
		6C0B870E1F9A3DB30039CAB1 /* SQLandingPageController.swift in Sources */ = {isa = PBXBuildFile; fileRef = 6C0B870C1F9A3DB20039CAB1 /* SQLandingPageController.swift */; };
		6C0B870F1F9A3DB30039CAB1 /* SQLandingPageController.xib in Resources */ = {isa = PBXBuildFile; fileRef = 6C0B870D1F9A3DB30039CAB1 /* SQLandingPageController.xib */; };
		6C0D52B71FA02BDD00D95D11 /* SQLanguagePicker.swift in Sources */ = {isa = PBXBuildFile; fileRef = 6C0D52B61FA02BDD00D95D11 /* SQLanguagePicker.swift */; };
		6C0D52B91FA02BEB00D95D11 /* SQLanguagePicker.xib in Resources */ = {isa = PBXBuildFile; fileRef = 6C0D52B81FA02BEB00D95D11 /* SQLanguagePicker.xib */; };
		6C1858811FA6FA3D00C1F605 /* SQLangListMap.swift in Sources */ = {isa = PBXBuildFile; fileRef = 6C18587F1FA6FA3D00C1F605 /* SQLangListMap.swift */; };
		6C1858821FA6FA3D00C1F605 /* SQLanguages.swift in Sources */ = {isa = PBXBuildFile; fileRef = 6C1858801FA6FA3D00C1F605 /* SQLanguages.swift */; };
		6C1858921FA7058C00C1F605 /* SQFileIndexController.swift in Sources */ = {isa = PBXBuildFile; fileRef = 6C1858901FA7058C00C1F605 /* SQFileIndexController.swift */; };
		6C1858931FA7058C00C1F605 /* SQFileIndexController.xib in Resources */ = {isa = PBXBuildFile; fileRef = 6C1858911FA7058C00C1F605 /* SQFileIndexController.xib */; };
		6C1858961FA725BE00C1F605 /* SQFileIndexCell.swift in Sources */ = {isa = PBXBuildFile; fileRef = 6C1858941FA725BE00C1F605 /* SQFileIndexCell.swift */; };
		6C1858971FA725BE00C1F605 /* SQFileIndexCell.xib in Resources */ = {isa = PBXBuildFile; fileRef = 6C1858951FA725BE00C1F605 /* SQFileIndexCell.xib */; };
		6C1858A11FA7335D00C1F605 /* SQFileIndexValue.swift in Sources */ = {isa = PBXBuildFile; fileRef = 6C18589E1FA7335D00C1F605 /* SQFileIndexValue.swift */; };
		6C1858A21FA7335D00C1F605 /* SQFileIndexIndexMap.swift in Sources */ = {isa = PBXBuildFile; fileRef = 6C18589F1FA7335D00C1F605 /* SQFileIndexIndexMap.swift */; };
		6C1858A31FA7335D00C1F605 /* SQFileIndexModel.swift in Sources */ = {isa = PBXBuildFile; fileRef = 6C1858A01FA7335D00C1F605 /* SQFileIndexModel.swift */; };
		6C2454821FB0BECB007E6513 /* SQWebViewController.swift in Sources */ = {isa = PBXBuildFile; fileRef = 6C2454811FB0BECB007E6513 /* SQWebViewController.swift */; };
		6C2975251F9B3BC300917AF6 /* SQCountryPicker.swift in Sources */ = {isa = PBXBuildFile; fileRef = 6C2975241F9B3BC300917AF6 /* SQCountryPicker.swift */; };
		6C2975271F9B3BCE00917AF6 /* SQCountryPicker.xib in Resources */ = {isa = PBXBuildFile; fileRef = 6C2975261F9B3BCE00917AF6 /* SQCountryPicker.xib */; };
		6C3DCE311F9A469F00191F98 /* AppConstants.swift in Sources */ = {isa = PBXBuildFile; fileRef = 6C3DCE301F9A469F00191F98 /* AppConstants.swift */; };
		6C3DCE341F9A4F1700191F98 /* UIColorExtension.swift in Sources */ = {isa = PBXBuildFile; fileRef = 6C3DCE331F9A4F1700191F98 /* UIColorExtension.swift */; };
		6C3DCE361F9A4F5E00191F98 /* UIImageViewExtension.swift in Sources */ = {isa = PBXBuildFile; fileRef = 6C3DCE351F9A4F5E00191F98 /* UIImageViewExtension.swift */; };
		6C3DCE381F9A529500191F98 /* UIViewControllerExtension.swift in Sources */ = {isa = PBXBuildFile; fileRef = 6C3DCE371F9A529500191F98 /* UIViewControllerExtension.swift */; };
		6C3DCE3B1F9A628D00191F98 /* SquabProgressIndicator.swift in Sources */ = {isa = PBXBuildFile; fileRef = 6C3DCE3A1F9A628D00191F98 /* SquabProgressIndicator.swift */; };
		6C3DCE3D1F9A64D000191F98 /* UIViewExtension.swift in Sources */ = {isa = PBXBuildFile; fileRef = 6C3DCE3C1F9A64D000191F98 /* UIViewExtension.swift */; };
		6C3DCE3F1F9A6CBC00191F98 /* SquabDataCenter.swift in Sources */ = {isa = PBXBuildFile; fileRef = 6C3DCE3E1F9A6CBC00191F98 /* SquabDataCenter.swift */; };
		6C5107C11F9D82DA001A5FCD /* SQSearchPageController.swift in Sources */ = {isa = PBXBuildFile; fileRef = 6C5107BF1F9D82DA001A5FCD /* SQSearchPageController.swift */; };
		6C5107C21F9D82DA001A5FCD /* SQSearchPageController.xib in Resources */ = {isa = PBXBuildFile; fileRef = 6C5107C01F9D82DA001A5FCD /* SQSearchPageController.xib */; };
		6C5107C91F9D87F4001A5FCD /* SQSearchResultCell.swift in Sources */ = {isa = PBXBuildFile; fileRef = 6C5107C71F9D87F4001A5FCD /* SQSearchResultCell.swift */; };
		6C5107CA1F9D87F4001A5FCD /* SQSearchResultCell.xib in Resources */ = {isa = PBXBuildFile; fileRef = 6C5107C81F9D87F4001A5FCD /* SQSearchResultCell.xib */; };
		6C822FCD1FAF532100F5420B /* SQMainPageModel.swift in Sources */ = {isa = PBXBuildFile; fileRef = 6C822FCC1FAF532000F5420B /* SQMainPageModel.swift */; };
		6C9095481FA17E2F00B311E9 /* SQLanguagePickerCell.swift in Sources */ = {isa = PBXBuildFile; fileRef = 6C9095461FA17E2F00B311E9 /* SQLanguagePickerCell.swift */; };
		6C9095491FA17E2F00B311E9 /* SQLanguagePickerCell.xib in Resources */ = {isa = PBXBuildFile; fileRef = 6C9095471FA17E2F00B311E9 /* SQLanguagePickerCell.xib */; };
		6C96C8F51FB03D130017A38A /* SQMainPageReferenceIconsList.swift in Sources */ = {isa = PBXBuildFile; fileRef = 6C96C8F41FB03D130017A38A /* SQMainPageReferenceIconsList.swift */; };
		6C96C8F81FB03F970017A38A /* SQMainPageReferenceIconsCell.swift in Sources */ = {isa = PBXBuildFile; fileRef = 6C96C8F61FB03F970017A38A /* SQMainPageReferenceIconsCell.swift */; };
		6C96C8F91FB03F970017A38A /* SQMainPageReferenceIconsCell.xib in Resources */ = {isa = PBXBuildFile; fileRef = 6C96C8F71FB03F970017A38A /* SQMainPageReferenceIconsCell.xib */; };
		6C96C8FD1FB04A810017A38A /* SQImageViewerController.swift in Sources */ = {isa = PBXBuildFile; fileRef = 6C96C8FB1FB04A810017A38A /* SQImageViewerController.swift */; };
		6C96C8FE1FB04A810017A38A /* SQImageViewerController.xib in Resources */ = {isa = PBXBuildFile; fileRef = 6C96C8FC1FB04A810017A38A /* SQImageViewerController.xib */; };
		6CA348041F9CE0BE00066D92 /* SQBoardsPageController.swift in Sources */ = {isa = PBXBuildFile; fileRef = 6CA348021F9CE0BE00066D92 /* SQBoardsPageController.swift */; };
		6CA348051F9CE0BE00066D92 /* SQBoardsPageController.xib in Resources */ = {isa = PBXBuildFile; fileRef = 6CA348031F9CE0BE00066D92 /* SQBoardsPageController.xib */; };
		6CA84F8E1F9CEED70052CF71 /* SQRequestSuccessStatusModel.swift in Sources */ = {isa = PBXBuildFile; fileRef = 6CA84F8D1F9CEED70052CF71 /* SQRequestSuccessStatusModel.swift */; };
		6CA84F911F9D79830052CF71 /* SQRecentItemsCell.swift in Sources */ = {isa = PBXBuildFile; fileRef = 6CA84F8F1F9D79830052CF71 /* SQRecentItemsCell.swift */; };
		6CA84F921F9D79830052CF71 /* SQRecentItemsCell.xib in Resources */ = {isa = PBXBuildFile; fileRef = 6CA84F901F9D79830052CF71 /* SQRecentItemsCell.xib */; };
		6CB3F61F1F9B592500F39FAF /* SQOTPEntryController.swift in Sources */ = {isa = PBXBuildFile; fileRef = 6CB3F61D1F9B592500F39FAF /* SQOTPEntryController.swift */; };
		6CB3F6201F9B592500F39FAF /* SQOTPEntryController.xib in Resources */ = {isa = PBXBuildFile; fileRef = 6CB3F61E1F9B592500F39FAF /* SQOTPEntryController.xib */; };
		6CBA07691F9EE4FF001E4F89 /* UITableViewExtension.swift in Sources */ = {isa = PBXBuildFile; fileRef = 6CBA07681F9EE4FF001E4F89 /* UITableViewExtension.swift */; };
		6CDEC45D1F9B969900A25353 /* SQLoginPhoneModel.swift in Sources */ = {isa = PBXBuildFile; fileRef = 6CDEC45C1F9B95CF00A25353 /* SQLoginPhoneModel.swift */; };
		6CDEC45F1F9BB83900A25353 /* SquabUserManager.swift in Sources */ = {isa = PBXBuildFile; fileRef = 6CDEC45E1F9BB83900A25353 /* SquabUserManager.swift */; };
		6CDEC4631F9BBD0C00A25353 /* SQUserDetailsEntryController.swift in Sources */ = {isa = PBXBuildFile; fileRef = 6CDEC4611F9BBD0C00A25353 /* SQUserDetailsEntryController.swift */; };
		6CDEC4641F9BBD0C00A25353 /* SQUserDetailsEntryController.xib in Resources */ = {isa = PBXBuildFile; fileRef = 6CDEC4621F9BBD0C00A25353 /* SQUserDetailsEntryController.xib */; };
		6CFC8FD41F9ED1FE00F6192F /* SQSearchResults.swift in Sources */ = {isa = PBXBuildFile; fileRef = 6CFC8FD31F9ED1FD00F6192F /* SQSearchResults.swift */; };
		6CFC8FD61F9EDC1000F6192F /* SquabBase64ConvertionHelper.swift in Sources */ = {isa = PBXBuildFile; fileRef = 6CFC8FD51F9EDC1000F6192F /* SquabBase64ConvertionHelper.swift */; };
		6CFC8FD81F9EDD6300F6192F /* StringExtensions.swift in Sources */ = {isa = PBXBuildFile; fileRef = 6CFC8FD71F9EDD6300F6192F /* StringExtensions.swift */; };
		CAB3DD940BE5C7973E7A2959 /* Pods_Squab.framework in Frameworks */ = {isa = PBXBuildFile; fileRef = FAC8D62C51BFF0688C1DD0A4 /* Pods_Squab.framework */; };
/* End PBXBuildFile section */

/* Begin PBXFileReference section */
		12E611688385313CEE3FB0EB /* Pods-Squab.release.xcconfig */ = {isa = PBXFileReference; includeInIndex = 1; lastKnownFileType = text.xcconfig; name = "Pods-Squab.release.xcconfig"; path = "Pods/Target Support Files/Pods-Squab/Pods-Squab.release.xcconfig"; sourceTree = "<group>"; };
		633F475763384A8D0240D86D /* Pods-Squab.debug.xcconfig */ = {isa = PBXFileReference; includeInIndex = 1; lastKnownFileType = text.xcconfig; name = "Pods-Squab.debug.xcconfig"; path = "Pods/Target Support Files/Pods-Squab/Pods-Squab.debug.xcconfig"; sourceTree = "<group>"; };
		6C059C7E1FA73D1D00950F38 /* SQFileMainPageController.swift */ = {isa = PBXFileReference; lastKnownFileType = sourcecode.swift; name = SQFileMainPageController.swift; path = Screens/FileMainPage/SQFileMainPageController.swift; sourceTree = "<group>"; };
		6C059C7F1FA73D1D00950F38 /* SQFileMainPageController.xib */ = {isa = PBXFileReference; lastKnownFileType = file.xib; name = SQFileMainPageController.xib; path = Screens/FileMainPage/SQFileMainPageController.xib; sourceTree = "<group>"; };
		6C059C821FA745F600950F38 /* SQFileIndexMenu.swift */ = {isa = PBXFileReference; lastKnownFileType = sourcecode.swift; name = SQFileIndexMenu.swift; path = Screens/FileMainPage/SQFileIndexMenu.swift; sourceTree = "<group>"; };
		6C059C841FA7460200950F38 /* SQFileIndexMenu.xib */ = {isa = PBXFileReference; lastKnownFileType = file.xib; name = SQFileIndexMenu.xib; path = Screens/FileMainPage/SQFileIndexMenu.xib; sourceTree = "<group>"; };
		6C059C861FA74AD500950F38 /* SQFileIndexMenuCell.swift */ = {isa = PBXFileReference; lastKnownFileType = sourcecode.swift; name = SQFileIndexMenuCell.swift; path = Screens/FileMainPage/SQFileIndexMenuCell.swift; sourceTree = "<group>"; };
		6C059C871FA74AD500950F38 /* SQFileIndexMenuCell.xib */ = {isa = PBXFileReference; lastKnownFileType = file.xib; name = SQFileIndexMenuCell.xib; path = Screens/FileMainPage/SQFileIndexMenuCell.xib; sourceTree = "<group>"; };
		6C059C8A1FA7571B00950F38 /* SQFileMainPageDetailsView.swift */ = {isa = PBXFileReference; lastKnownFileType = sourcecode.swift; name = SQFileMainPageDetailsView.swift; path = Screens/FileMainPage/SQFileMainPageDetailsView.swift; sourceTree = "<group>"; };
		6C059C8C1FA7572700950F38 /* SQFileMainPageDetailsView.xib */ = {isa = PBXFileReference; lastKnownFileType = file.xib; name = SQFileMainPageDetailsView.xib; path = Screens/FileMainPage/SQFileMainPageDetailsView.xib; sourceTree = "<group>"; };
		6C0B86F61F9A3D460039CAB1 /* Squab.app */ = {isa = PBXFileReference; explicitFileType = wrapper.application; includeInIndex = 0; path = Squab.app; sourceTree = BUILT_PRODUCTS_DIR; };
		6C0B86F91F9A3D460039CAB1 /* AppDelegate.swift */ = {isa = PBXFileReference; lastKnownFileType = sourcecode.swift; path = AppDelegate.swift; sourceTree = "<group>"; };
		6C0B86FB1F9A3D460039CAB1 /* ViewController.swift */ = {isa = PBXFileReference; lastKnownFileType = sourcecode.swift; path = ViewController.swift; sourceTree = "<group>"; };
		6C0B86FE1F9A3D460039CAB1 /* Base */ = {isa = PBXFileReference; lastKnownFileType = file.storyboard; name = Base; path = Base.lproj/Main.storyboard; sourceTree = "<group>"; };
		6C0B87001F9A3D460039CAB1 /* Assets.xcassets */ = {isa = PBXFileReference; lastKnownFileType = folder.assetcatalog; path = Assets.xcassets; sourceTree = "<group>"; };
		6C0B87031F9A3D460039CAB1 /* Base */ = {isa = PBXFileReference; lastKnownFileType = file.storyboard; name = Base; path = Base.lproj/LaunchScreen.storyboard; sourceTree = "<group>"; };
		6C0B87051F9A3D460039CAB1 /* Info.plist */ = {isa = PBXFileReference; lastKnownFileType = text.plist.xml; path = Info.plist; sourceTree = "<group>"; };
		6C0B870C1F9A3DB20039CAB1 /* SQLandingPageController.swift */ = {isa = PBXFileReference; fileEncoding = 4; lastKnownFileType = sourcecode.swift; name = SQLandingPageController.swift; path = Screens/LandingPage/SQLandingPageController.swift; sourceTree = "<group>"; };
		6C0B870D1F9A3DB30039CAB1 /* SQLandingPageController.xib */ = {isa = PBXFileReference; fileEncoding = 4; lastKnownFileType = file.xib; name = SQLandingPageController.xib; path = Screens/LandingPage/SQLandingPageController.xib; sourceTree = "<group>"; };
		6C0D52B61FA02BDD00D95D11 /* SQLanguagePicker.swift */ = {isa = PBXFileReference; lastKnownFileType = sourcecode.swift; name = SQLanguagePicker.swift; path = Screens/SearchPages/SQLanguagePicker.swift; sourceTree = "<group>"; };
		6C0D52B81FA02BEB00D95D11 /* SQLanguagePicker.xib */ = {isa = PBXFileReference; lastKnownFileType = file.xib; name = SQLanguagePicker.xib; path = Screens/SearchPages/SQLanguagePicker.xib; sourceTree = "<group>"; };
		6C18587F1FA6FA3D00C1F605 /* SQLangListMap.swift */ = {isa = PBXFileReference; fileEncoding = 4; lastKnownFileType = sourcecode.swift; name = SQLangListMap.swift; path = Models/SQLangListMap.swift; sourceTree = "<group>"; };
		6C1858801FA6FA3D00C1F605 /* SQLanguages.swift */ = {isa = PBXFileReference; fileEncoding = 4; lastKnownFileType = sourcecode.swift; name = SQLanguages.swift; path = Models/SQLanguages.swift; sourceTree = "<group>"; };
		6C1858901FA7058C00C1F605 /* SQFileIndexController.swift */ = {isa = PBXFileReference; lastKnownFileType = sourcecode.swift; name = SQFileIndexController.swift; path = Screens/FileIndex/SQFileIndexController.swift; sourceTree = "<group>"; };
		6C1858911FA7058C00C1F605 /* SQFileIndexController.xib */ = {isa = PBXFileReference; lastKnownFileType = file.xib; name = SQFileIndexController.xib; path = Screens/FileIndex/SQFileIndexController.xib; sourceTree = "<group>"; };
		6C1858941FA725BE00C1F605 /* SQFileIndexCell.swift */ = {isa = PBXFileReference; lastKnownFileType = sourcecode.swift; name = SQFileIndexCell.swift; path = Screens/FileIndex/SQFileIndexCell.swift; sourceTree = "<group>"; };
		6C1858951FA725BE00C1F605 /* SQFileIndexCell.xib */ = {isa = PBXFileReference; lastKnownFileType = file.xib; name = SQFileIndexCell.xib; path = Screens/FileIndex/SQFileIndexCell.xib; sourceTree = "<group>"; };
		6C18589E1FA7335D00C1F605 /* SQFileIndexValue.swift */ = {isa = PBXFileReference; fileEncoding = 4; lastKnownFileType = sourcecode.swift; name = SQFileIndexValue.swift; path = Models/SQFileIndexValue.swift; sourceTree = "<group>"; };
		6C18589F1FA7335D00C1F605 /* SQFileIndexIndexMap.swift */ = {isa = PBXFileReference; fileEncoding = 4; lastKnownFileType = sourcecode.swift; name = SQFileIndexIndexMap.swift; path = Models/SQFileIndexIndexMap.swift; sourceTree = "<group>"; };
		6C1858A01FA7335D00C1F605 /* SQFileIndexModel.swift */ = {isa = PBXFileReference; fileEncoding = 4; lastKnownFileType = sourcecode.swift; name = SQFileIndexModel.swift; path = Models/SQFileIndexModel.swift; sourceTree = "<group>"; };
		6C2454811FB0BECB007E6513 /* SQWebViewController.swift */ = {isa = PBXFileReference; lastKnownFileType = sourcecode.swift; name = SQWebViewController.swift; path = Screens/ImageViewer/SQWebViewController.swift; sourceTree = "<group>"; };
		6C2975241F9B3BC300917AF6 /* SQCountryPicker.swift */ = {isa = PBXFileReference; lastKnownFileType = sourcecode.swift; name = SQCountryPicker.swift; path = Screens/LandingPage/SQCountryPicker.swift; sourceTree = "<group>"; };
		6C2975261F9B3BCE00917AF6 /* SQCountryPicker.xib */ = {isa = PBXFileReference; lastKnownFileType = file.xib; name = SQCountryPicker.xib; path = Screens/LandingPage/SQCountryPicker.xib; sourceTree = "<group>"; };
		6C3DCE301F9A469F00191F98 /* AppConstants.swift */ = {isa = PBXFileReference; lastKnownFileType = sourcecode.swift; path = AppConstants.swift; sourceTree = "<group>"; };
		6C3DCE331F9A4F1700191F98 /* UIColorExtension.swift */ = {isa = PBXFileReference; lastKnownFileType = sourcecode.swift; name = UIColorExtension.swift; path = Extensions/UIColorExtension.swift; sourceTree = "<group>"; };
		6C3DCE351F9A4F5E00191F98 /* UIImageViewExtension.swift */ = {isa = PBXFileReference; lastKnownFileType = sourcecode.swift; name = UIImageViewExtension.swift; path = Extensions/UIImageViewExtension.swift; sourceTree = "<group>"; };
		6C3DCE371F9A529500191F98 /* UIViewControllerExtension.swift */ = {isa = PBXFileReference; lastKnownFileType = sourcecode.swift; name = UIViewControllerExtension.swift; path = Extensions/UIViewControllerExtension.swift; sourceTree = "<group>"; };
		6C3DCE3A1F9A628D00191F98 /* SquabProgressIndicator.swift */ = {isa = PBXFileReference; lastKnownFileType = sourcecode.swift; name = SquabProgressIndicator.swift; path = Helpers/SquabProgressIndicator.swift; sourceTree = "<group>"; };
		6C3DCE3C1F9A64D000191F98 /* UIViewExtension.swift */ = {isa = PBXFileReference; lastKnownFileType = sourcecode.swift; name = UIViewExtension.swift; path = Extensions/UIViewExtension.swift; sourceTree = "<group>"; };
		6C3DCE3E1F9A6CBC00191F98 /* SquabDataCenter.swift */ = {isa = PBXFileReference; lastKnownFileType = sourcecode.swift; name = SquabDataCenter.swift; path = Helpers/SquabDataCenter.swift; sourceTree = "<group>"; };
		6C5107BF1F9D82DA001A5FCD /* SQSearchPageController.swift */ = {isa = PBXFileReference; lastKnownFileType = sourcecode.swift; name = SQSearchPageController.swift; path = Screens/SearchPages/SQSearchPageController.swift; sourceTree = "<group>"; };
		6C5107C01F9D82DA001A5FCD /* SQSearchPageController.xib */ = {isa = PBXFileReference; lastKnownFileType = file.xib; name = SQSearchPageController.xib; path = Screens/SearchPages/SQSearchPageController.xib; sourceTree = "<group>"; };
		6C5107C71F9D87F4001A5FCD /* SQSearchResultCell.swift */ = {isa = PBXFileReference; lastKnownFileType = sourcecode.swift; name = SQSearchResultCell.swift; path = Screens/SearchPages/SQSearchResultCell.swift; sourceTree = "<group>"; };
		6C5107C81F9D87F4001A5FCD /* SQSearchResultCell.xib */ = {isa = PBXFileReference; lastKnownFileType = file.xib; name = SQSearchResultCell.xib; path = Screens/SearchPages/SQSearchResultCell.xib; sourceTree = "<group>"; };
		6C822FCC1FAF532000F5420B /* SQMainPageModel.swift */ = {isa = PBXFileReference; fileEncoding = 4; lastKnownFileType = sourcecode.swift; name = SQMainPageModel.swift; path = Models/SQMainPageModel.swift; sourceTree = "<group>"; };
		6C9095461FA17E2F00B311E9 /* SQLanguagePickerCell.swift */ = {isa = PBXFileReference; lastKnownFileType = sourcecode.swift; name = SQLanguagePickerCell.swift; path = Screens/SearchPages/SQLanguagePickerCell.swift; sourceTree = "<group>"; };
		6C9095471FA17E2F00B311E9 /* SQLanguagePickerCell.xib */ = {isa = PBXFileReference; lastKnownFileType = file.xib; name = SQLanguagePickerCell.xib; path = Screens/SearchPages/SQLanguagePickerCell.xib; sourceTree = "<group>"; };
		6C96C8F41FB03D130017A38A /* SQMainPageReferenceIconsList.swift */ = {isa = PBXFileReference; fileEncoding = 4; lastKnownFileType = sourcecode.swift; name = SQMainPageReferenceIconsList.swift; path = Models/SQMainPageReferenceIconsList.swift; sourceTree = "<group>"; };
		6C96C8F61FB03F970017A38A /* SQMainPageReferenceIconsCell.swift */ = {isa = PBXFileReference; lastKnownFileType = sourcecode.swift; name = SQMainPageReferenceIconsCell.swift; path = Screens/FileMainPage/SQMainPageReferenceIconsCell.swift; sourceTree = "<group>"; };
		6C96C8F71FB03F970017A38A /* SQMainPageReferenceIconsCell.xib */ = {isa = PBXFileReference; lastKnownFileType = file.xib; name = SQMainPageReferenceIconsCell.xib; path = Screens/FileMainPage/SQMainPageReferenceIconsCell.xib; sourceTree = "<group>"; };
		6C96C8FB1FB04A810017A38A /* SQImageViewerController.swift */ = {isa = PBXFileReference; lastKnownFileType = sourcecode.swift; name = SQImageViewerController.swift; path = Screens/ImageViewer/SQImageViewerController.swift; sourceTree = "<group>"; };
		6C96C8FC1FB04A810017A38A /* SQImageViewerController.xib */ = {isa = PBXFileReference; lastKnownFileType = file.xib; name = SQImageViewerController.xib; path = Screens/ImageViewer/SQImageViewerController.xib; sourceTree = "<group>"; };
		6CA348021F9CE0BE00066D92 /* SQBoardsPageController.swift */ = {isa = PBXFileReference; lastKnownFileType = sourcecode.swift; name = SQBoardsPageController.swift; path = Screens/Boardspage/SQBoardsPageController.swift; sourceTree = "<group>"; };
		6CA348031F9CE0BE00066D92 /* SQBoardsPageController.xib */ = {isa = PBXFileReference; lastKnownFileType = file.xib; name = SQBoardsPageController.xib; path = Screens/Boardspage/SQBoardsPageController.xib; sourceTree = "<group>"; };
		6CA84F8D1F9CEED70052CF71 /* SQRequestSuccessStatusModel.swift */ = {isa = PBXFileReference; lastKnownFileType = sourcecode.swift; name = SQRequestSuccessStatusModel.swift; path = Models/SQRequestSuccessStatusModel.swift; sourceTree = "<group>"; };
		6CA84F8F1F9D79830052CF71 /* SQRecentItemsCell.swift */ = {isa = PBXFileReference; lastKnownFileType = sourcecode.swift; name = SQRecentItemsCell.swift; path = Screens/Boardspage/SQRecentItemsCell.swift; sourceTree = "<group>"; };
		6CA84F901F9D79830052CF71 /* SQRecentItemsCell.xib */ = {isa = PBXFileReference; lastKnownFileType = file.xib; name = SQRecentItemsCell.xib; path = Screens/Boardspage/SQRecentItemsCell.xib; sourceTree = "<group>"; };
		6CB3F61D1F9B592500F39FAF /* SQOTPEntryController.swift */ = {isa = PBXFileReference; lastKnownFileType = sourcecode.swift; name = SQOTPEntryController.swift; path = Screens/OTPPage/SQOTPEntryController.swift; sourceTree = "<group>"; };
		6CB3F61E1F9B592500F39FAF /* SQOTPEntryController.xib */ = {isa = PBXFileReference; lastKnownFileType = file.xib; name = SQOTPEntryController.xib; path = Screens/OTPPage/SQOTPEntryController.xib; sourceTree = "<group>"; };
		6CBA07681F9EE4FF001E4F89 /* UITableViewExtension.swift */ = {isa = PBXFileReference; fileEncoding = 4; lastKnownFileType = sourcecode.swift; name = UITableViewExtension.swift; path = Extensions/UITableViewExtension.swift; sourceTree = "<group>"; };
		6CDEC45C1F9B95CF00A25353 /* SQLoginPhoneModel.swift */ = {isa = PBXFileReference; lastKnownFileType = sourcecode.swift; name = SQLoginPhoneModel.swift; path = Models/SQLoginPhoneModel.swift; sourceTree = "<group>"; };
		6CDEC45E1F9BB83900A25353 /* SquabUserManager.swift */ = {isa = PBXFileReference; lastKnownFileType = sourcecode.swift; name = SquabUserManager.swift; path = Helpers/SquabUserManager.swift; sourceTree = "<group>"; };
		6CDEC4611F9BBD0C00A25353 /* SQUserDetailsEntryController.swift */ = {isa = PBXFileReference; lastKnownFileType = sourcecode.swift; name = SQUserDetailsEntryController.swift; path = Screens/UserDetailsEntry/SQUserDetailsEntryController.swift; sourceTree = "<group>"; };
		6CDEC4621F9BBD0C00A25353 /* SQUserDetailsEntryController.xib */ = {isa = PBXFileReference; lastKnownFileType = file.xib; name = SQUserDetailsEntryController.xib; path = Screens/UserDetailsEntry/SQUserDetailsEntryController.xib; sourceTree = "<group>"; };
		6CFC8FD31F9ED1FD00F6192F /* SQSearchResults.swift */ = {isa = PBXFileReference; fileEncoding = 4; lastKnownFileType = sourcecode.swift; name = SQSearchResults.swift; path = Models/SQSearchResults.swift; sourceTree = "<group>"; };
		6CFC8FD51F9EDC1000F6192F /* SquabBase64ConvertionHelper.swift */ = {isa = PBXFileReference; lastKnownFileType = sourcecode.swift; name = SquabBase64ConvertionHelper.swift; path = Helpers/SquabBase64ConvertionHelper.swift; sourceTree = "<group>"; };
		6CFC8FD71F9EDD6300F6192F /* StringExtensions.swift */ = {isa = PBXFileReference; lastKnownFileType = sourcecode.swift; name = StringExtensions.swift; path = Extensions/StringExtensions.swift; sourceTree = "<group>"; };
		FAC8D62C51BFF0688C1DD0A4 /* Pods_Squab.framework */ = {isa = PBXFileReference; explicitFileType = wrapper.framework; includeInIndex = 0; path = Pods_Squab.framework; sourceTree = BUILT_PRODUCTS_DIR; };
/* End PBXFileReference section */

/* Begin PBXFrameworksBuildPhase section */
		6C0B86F31F9A3D460039CAB1 /* Frameworks */ = {
			isa = PBXFrameworksBuildPhase;
			buildActionMask = 2147483647;
			files = (
				CAB3DD940BE5C7973E7A2959 /* Pods_Squab.framework in Frameworks */,
			);
			runOnlyForDeploymentPostprocessing = 0;
		};
/* End PBXFrameworksBuildPhase section */

/* Begin PBXGroup section */
		6C059C7D1FA73CFB00950F38 /* FileMainPage */ = {
			isa = PBXGroup;
			children = (
				6C059C7E1FA73D1D00950F38 /* SQFileMainPageController.swift */,
				6C059C7F1FA73D1D00950F38 /* SQFileMainPageController.xib */,
				6C059C821FA745F600950F38 /* SQFileIndexMenu.swift */,
				6C059C841FA7460200950F38 /* SQFileIndexMenu.xib */,
				6C059C861FA74AD500950F38 /* SQFileIndexMenuCell.swift */,
				6C059C871FA74AD500950F38 /* SQFileIndexMenuCell.xib */,
				6C059C8A1FA7571B00950F38 /* SQFileMainPageDetailsView.swift */,
				6C059C8C1FA7572700950F38 /* SQFileMainPageDetailsView.xib */,
				6C96C8F61FB03F970017A38A /* SQMainPageReferenceIconsCell.swift */,
				6C96C8F71FB03F970017A38A /* SQMainPageReferenceIconsCell.xib */,
			);
			name = FileMainPage;
			sourceTree = "<group>";
		};
		6C0B86ED1F9A3D460039CAB1 = {
			isa = PBXGroup;
			children = (
				6C0B86F81F9A3D460039CAB1 /* Squab */,
				6C0B86F71F9A3D460039CAB1 /* Products */,
				C1121A33EB5F19460870EC1D /* Pods */,
				715AC3078E8787865C5087D4 /* Frameworks */,
			);
			sourceTree = "<group>";
		};
		6C0B86F71F9A3D460039CAB1 /* Products */ = {
			isa = PBXGroup;
			children = (
				6C0B86F61F9A3D460039CAB1 /* Squab.app */,
			);
			name = Products;
			sourceTree = "<group>";
		};
		6C0B86F81F9A3D460039CAB1 /* Squab */ = {
			isa = PBXGroup;
			children = (
				6C0B86F91F9A3D460039CAB1 /* AppDelegate.swift */,
				6C0B86FB1F9A3D460039CAB1 /* ViewController.swift */,
				6C0B86FD1F9A3D460039CAB1 /* Main.storyboard */,
				6C0B87001F9A3D460039CAB1 /* Assets.xcassets */,
				6C0B87021F9A3D460039CAB1 /* LaunchScreen.storyboard */,
				6C0B87051F9A3D460039CAB1 /* Info.plist */,
				6C3DCE301F9A469F00191F98 /* AppConstants.swift */,
				6CDEC4591F9B94DA00A25353 /* Models */,
				6C3DCE391F9A624F00191F98 /* Helpers */,
				6C3DCE321F9A4EBE00191F98 /* Extensions */,
				6C0B870B1F9A3D750039CAB1 /* Screens */,
			);
			path = Squab;
			sourceTree = "<group>";
		};
		6C0B870B1F9A3D750039CAB1 /* Screens */ = {
			isa = PBXGroup;
			children = (
				6C96C8FA1FB04A430017A38A /* viewers */,
				6C059C7D1FA73CFB00950F38 /* FileMainPage */,
				6C18588F1FA7055100C1F605 /* FileIndex */,
				6C5107BE1F9D82A9001A5FCD /* SearchPages */,
				6CA348011F9CE08900066D92 /* BoardsPage */,
				6CB3F6221F9B593B00F39FAF /* EntryPages */,
			);
			name = Screens;
			sourceTree = "<group>";
		};
		6C0B87101F9A3DBA0039CAB1 /* LandingPage */ = {
			isa = PBXGroup;
			children = (
				6C0B870C1F9A3DB20039CAB1 /* SQLandingPageController.swift */,
				6C0B870D1F9A3DB30039CAB1 /* SQLandingPageController.xib */,
				6C2975241F9B3BC300917AF6 /* SQCountryPicker.swift */,
				6C2975261F9B3BCE00917AF6 /* SQCountryPicker.xib */,
			);
			name = LandingPage;
			sourceTree = "<group>";
		};
		6C18588F1FA7055100C1F605 /* FileIndex */ = {
			isa = PBXGroup;
			children = (
				6C1858901FA7058C00C1F605 /* SQFileIndexController.swift */,
				6C1858911FA7058C00C1F605 /* SQFileIndexController.xib */,
				6C1858941FA725BE00C1F605 /* SQFileIndexCell.swift */,
				6C1858951FA725BE00C1F605 /* SQFileIndexCell.xib */,
			);
			name = FileIndex;
			sourceTree = "<group>";
		};
		6C3DCE321F9A4EBE00191F98 /* Extensions */ = {
			isa = PBXGroup;
			children = (
				6CBA07681F9EE4FF001E4F89 /* UITableViewExtension.swift */,
				6C3DCE331F9A4F1700191F98 /* UIColorExtension.swift */,
				6C3DCE351F9A4F5E00191F98 /* UIImageViewExtension.swift */,
				6C3DCE371F9A529500191F98 /* UIViewControllerExtension.swift */,
				6C3DCE3C1F9A64D000191F98 /* UIViewExtension.swift */,
				6CFC8FD71F9EDD6300F6192F /* StringExtensions.swift */,
			);
			name = Extensions;
			sourceTree = "<group>";
		};
		6C3DCE391F9A624F00191F98 /* Helpers */ = {
			isa = PBXGroup;
			children = (
				6C3DCE3A1F9A628D00191F98 /* SquabProgressIndicator.swift */,
				6C3DCE3E1F9A6CBC00191F98 /* SquabDataCenter.swift */,
				6CDEC45E1F9BB83900A25353 /* SquabUserManager.swift */,
				6CFC8FD51F9EDC1000F6192F /* SquabBase64ConvertionHelper.swift */,
			);
			name = Helpers;
			sourceTree = "<group>";
		};
		6C5107BE1F9D82A9001A5FCD /* SearchPages */ = {
			isa = PBXGroup;
			children = (
				6C5107BF1F9D82DA001A5FCD /* SQSearchPageController.swift */,
				6C5107C01F9D82DA001A5FCD /* SQSearchPageController.xib */,
				6C5107C71F9D87F4001A5FCD /* SQSearchResultCell.swift */,
				6C5107C81F9D87F4001A5FCD /* SQSearchResultCell.xib */,
				6C0D52B61FA02BDD00D95D11 /* SQLanguagePicker.swift */,
				6C0D52B81FA02BEB00D95D11 /* SQLanguagePicker.xib */,
				6C9095461FA17E2F00B311E9 /* SQLanguagePickerCell.swift */,
				6C9095471FA17E2F00B311E9 /* SQLanguagePickerCell.xib */,
			);
			name = SearchPages;
			sourceTree = "<group>";
		};
		6C96C8FA1FB04A430017A38A /* viewers */ = {
			isa = PBXGroup;
			children = (
				6C96C8FB1FB04A810017A38A /* SQImageViewerController.swift */,
				6C96C8FC1FB04A810017A38A /* SQImageViewerController.xib */,
				6C2454811FB0BECB007E6513 /* SQWebViewController.swift */,
			);
			name = viewers;
			sourceTree = "<group>";
		};
		6CA348011F9CE08900066D92 /* BoardsPage */ = {
			isa = PBXGroup;
			children = (
				6CA348021F9CE0BE00066D92 /* SQBoardsPageController.swift */,
				6CA348031F9CE0BE00066D92 /* SQBoardsPageController.xib */,
				6CA84F8F1F9D79830052CF71 /* SQRecentItemsCell.swift */,
				6CA84F901F9D79830052CF71 /* SQRecentItemsCell.xib */,
			);
			name = BoardsPage;
			sourceTree = "<group>";
		};
		6CB3F61C1F9B58F200F39FAF /* OTPPage */ = {
			isa = PBXGroup;
			children = (
				6CB3F61D1F9B592500F39FAF /* SQOTPEntryController.swift */,
				6CB3F61E1F9B592500F39FAF /* SQOTPEntryController.xib */,
			);
			name = OTPPage;
			sourceTree = "<group>";
		};
		6CB3F6221F9B593B00F39FAF /* EntryPages */ = {
			isa = PBXGroup;
			children = (
				6CDEC4601F9BBCE400A25353 /* UserDetailsEntry */,
				6CB3F61C1F9B58F200F39FAF /* OTPPage */,
				6C0B87101F9A3DBA0039CAB1 /* LandingPage */,
			);
			name = EntryPages;
			sourceTree = "<group>";
		};
		6CDEC4591F9B94DA00A25353 /* Models */ = {
			isa = PBXGroup;
			children = (
				6CDEC45C1F9B95CF00A25353 /* SQLoginPhoneModel.swift */,
				6CA84F8D1F9CEED70052CF71 /* SQRequestSuccessStatusModel.swift */,
				6CFC8FD31F9ED1FD00F6192F /* SQSearchResults.swift */,
				6C18587F1FA6FA3D00C1F605 /* SQLangListMap.swift */,
				6C1858801FA6FA3D00C1F605 /* SQLanguages.swift */,
				6C18589F1FA7335D00C1F605 /* SQFileIndexIndexMap.swift */,
				6C1858A01FA7335D00C1F605 /* SQFileIndexModel.swift */,
				6C18589E1FA7335D00C1F605 /* SQFileIndexValue.swift */,
				6C822FCC1FAF532000F5420B /* SQMainPageModel.swift */,
				6C96C8F41FB03D130017A38A /* SQMainPageReferenceIconsList.swift */,
			);
			name = Models;
			sourceTree = "<group>";
		};
		6CDEC4601F9BBCE400A25353 /* UserDetailsEntry */ = {
			isa = PBXGroup;
			children = (
				6CDEC4611F9BBD0C00A25353 /* SQUserDetailsEntryController.swift */,
				6CDEC4621F9BBD0C00A25353 /* SQUserDetailsEntryController.xib */,
			);
			name = UserDetailsEntry;
			sourceTree = "<group>";
		};
		715AC3078E8787865C5087D4 /* Frameworks */ = {
			isa = PBXGroup;
			children = (
				FAC8D62C51BFF0688C1DD0A4 /* Pods_Squab.framework */,
			);
			name = Frameworks;
			sourceTree = "<group>";
		};
		C1121A33EB5F19460870EC1D /* Pods */ = {
			isa = PBXGroup;
			children = (
				633F475763384A8D0240D86D /* Pods-Squab.debug.xcconfig */,
				12E611688385313CEE3FB0EB /* Pods-Squab.release.xcconfig */,
			);
			name = Pods;
			sourceTree = "<group>";
		};
/* End PBXGroup section */

/* Begin PBXNativeTarget section */
		6C0B86F51F9A3D460039CAB1 /* Squab */ = {
			isa = PBXNativeTarget;
			buildConfigurationList = 6C0B87081F9A3D460039CAB1 /* Build configuration list for PBXNativeTarget "Squab" */;
			buildPhases = (
				6C53E5C0A1AE90B22129ACF4 /* [CP] Check Pods Manifest.lock */,
				6C0B86F21F9A3D460039CAB1 /* Sources */,
				6C0B86F31F9A3D460039CAB1 /* Frameworks */,
				6C0B86F41F9A3D460039CAB1 /* Resources */,
				CF7921BBE17E9871988943DA /* [CP] Embed Pods Frameworks */,
				0E43398208F483B82414DAE6 /* [CP] Copy Pods Resources */,
			);
			buildRules = (
			);
			dependencies = (
			);
			name = Squab;
			productName = Squab;
			productReference = 6C0B86F61F9A3D460039CAB1 /* Squab.app */;
			productType = "com.apple.product-type.application";
		};
/* End PBXNativeTarget section */

/* Begin PBXProject section */
		6C0B86EE1F9A3D460039CAB1 /* Project object */ = {
			isa = PBXProject;
			attributes = {
				LastSwiftUpdateCheck = 0830;
				LastUpgradeCheck = 0830;
				ORGANIZATIONNAME = NSJoker;
				TargetAttributes = {
					6C0B86F51F9A3D460039CAB1 = {
						CreatedOnToolsVersion = 8.3.3;
						DevelopmentTeam = ALZVA7KATH;
						ProvisioningStyle = Automatic;
					};
				};
			};
			buildConfigurationList = 6C0B86F11F9A3D460039CAB1 /* Build configuration list for PBXProject "Squab" */;
			compatibilityVersion = "Xcode 3.2";
			developmentRegion = English;
			hasScannedForEncodings = 0;
			knownRegions = (
				en,
				Base,
			);
			mainGroup = 6C0B86ED1F9A3D460039CAB1;
			productRefGroup = 6C0B86F71F9A3D460039CAB1 /* Products */;
			projectDirPath = "";
			projectRoot = "";
			targets = (
				6C0B86F51F9A3D460039CAB1 /* Squab */,
			);
		};
/* End PBXProject section */

/* Begin PBXResourcesBuildPhase section */
		6C0B86F41F9A3D460039CAB1 /* Resources */ = {
			isa = PBXResourcesBuildPhase;
			buildActionMask = 2147483647;
			files = (
				6C059C8D1FA7572700950F38 /* SQFileMainPageDetailsView.xib in Resources */,
				6C5107CA1F9D87F4001A5FCD /* SQSearchResultCell.xib in Resources */,
				6CDEC4641F9BBD0C00A25353 /* SQUserDetailsEntryController.xib in Resources */,
				6C1858931FA7058C00C1F605 /* SQFileIndexController.xib in Resources */,
				6C0B87041F9A3D460039CAB1 /* LaunchScreen.storyboard in Resources */,
				6C0D52B91FA02BEB00D95D11 /* SQLanguagePicker.xib in Resources */,
				6C2975271F9B3BCE00917AF6 /* SQCountryPicker.xib in Resources */,
				6CA348051F9CE0BE00066D92 /* SQBoardsPageController.xib in Resources */,
				6C96C8F91FB03F970017A38A /* SQMainPageReferenceIconsCell.xib in Resources */,
				6C059C811FA73D1D00950F38 /* SQFileMainPageController.xib in Resources */,
				6C96C8FE1FB04A810017A38A /* SQImageViewerController.xib in Resources */,
				6CB3F6201F9B592500F39FAF /* SQOTPEntryController.xib in Resources */,
				6C059C891FA74AD500950F38 /* SQFileIndexMenuCell.xib in Resources */,
				6C1858971FA725BE00C1F605 /* SQFileIndexCell.xib in Resources */,
				6C0B87011F9A3D460039CAB1 /* Assets.xcassets in Resources */,
				6C5107C21F9D82DA001A5FCD /* SQSearchPageController.xib in Resources */,
				6C059C851FA7460200950F38 /* SQFileIndexMenu.xib in Resources */,
				6C9095491FA17E2F00B311E9 /* SQLanguagePickerCell.xib in Resources */,
				6C0B870F1F9A3DB30039CAB1 /* SQLandingPageController.xib in Resources */,
				6C0B86FF1F9A3D460039CAB1 /* Main.storyboard in Resources */,
				6CA84F921F9D79830052CF71 /* SQRecentItemsCell.xib in Resources */,
			);
			runOnlyForDeploymentPostprocessing = 0;
		};
/* End PBXResourcesBuildPhase section */

/* Begin PBXShellScriptBuildPhase section */
		0E43398208F483B82414DAE6 /* [CP] Copy Pods Resources */ = {
			isa = PBXShellScriptBuildPhase;
			buildActionMask = 2147483647;
			files = (
			);
			inputPaths = (
			);
			name = "[CP] Copy Pods Resources";
			outputPaths = (
			);
			runOnlyForDeploymentPostprocessing = 0;
			shellPath = /bin/sh;
			shellScript = "\"${SRCROOT}/Pods/Target Support Files/Pods-Squab/Pods-Squab-resources.sh\"\n";
			showEnvVarsInLog = 0;
		};
		6C53E5C0A1AE90B22129ACF4 /* [CP] Check Pods Manifest.lock */ = {
			isa = PBXShellScriptBuildPhase;
			buildActionMask = 2147483647;
			files = (
			);
			inputPaths = (
			);
			name = "[CP] Check Pods Manifest.lock";
			outputPaths = (
			);
			runOnlyForDeploymentPostprocessing = 0;
			shellPath = /bin/sh;
			shellScript = "diff \"${PODS_PODFILE_DIR_PATH}/Podfile.lock\" \"${PODS_ROOT}/Manifest.lock\" > /dev/null\nif [ $? != 0 ] ; then\n    # print error to STDERR\n    echo \"error: The sandbox is not in sync with the Podfile.lock. Run 'pod install' or update your CocoaPods installation.\" >&2\n    exit 1\nfi\n";
			showEnvVarsInLog = 0;
		};
		CF7921BBE17E9871988943DA /* [CP] Embed Pods Frameworks */ = {
			isa = PBXShellScriptBuildPhase;
			buildActionMask = 2147483647;
			files = (
			);
			inputPaths = (
			);
			name = "[CP] Embed Pods Frameworks";
			outputPaths = (
			);
			runOnlyForDeploymentPostprocessing = 0;
			shellPath = /bin/sh;
			shellScript = "\"${SRCROOT}/Pods/Target Support Files/Pods-Squab/Pods-Squab-frameworks.sh\"\n";
			showEnvVarsInLog = 0;
		};
/* End PBXShellScriptBuildPhase section */

/* Begin PBXSourcesBuildPhase section */
		6C0B86F21F9A3D460039CAB1 /* Sources */ = {
			isa = PBXSourcesBuildPhase;
			buildActionMask = 2147483647;
			files = (
				6C0B86FC1F9A3D460039CAB1 /* ViewController.swift in Sources */,
				6C059C831FA745F600950F38 /* SQFileIndexMenu.swift in Sources */,
				6C059C8B1FA7571B00950F38 /* SQFileMainPageDetailsView.swift in Sources */,
				6C0B86FA1F9A3D460039CAB1 /* AppDelegate.swift in Sources */,
				6C1858811FA6FA3D00C1F605 /* SQLangListMap.swift in Sources */,
				6CB3F61F1F9B592500F39FAF /* SQOTPEntryController.swift in Sources */,
				6CBA07691F9EE4FF001E4F89 /* UITableViewExtension.swift in Sources */,
				6CA84F911F9D79830052CF71 /* SQRecentItemsCell.swift in Sources */,
				6C1858A21FA7335D00C1F605 /* SQFileIndexIndexMap.swift in Sources */,
				6CFC8FD61F9EDC1000F6192F /* SquabBase64ConvertionHelper.swift in Sources */,
				6C3DCE361F9A4F5E00191F98 /* UIImageViewExtension.swift in Sources */,
				6C3DCE341F9A4F1700191F98 /* UIColorExtension.swift in Sources */,
				6CDEC45F1F9BB83900A25353 /* SquabUserManager.swift in Sources */,
				6CFC8FD41F9ED1FE00F6192F /* SQSearchResults.swift in Sources */,
				6C0B870E1F9A3DB30039CAB1 /* SQLandingPageController.swift in Sources */,
				6C9095481FA17E2F00B311E9 /* SQLanguagePickerCell.swift in Sources */,
				6C0D52B71FA02BDD00D95D11 /* SQLanguagePicker.swift in Sources */,
				6CA348041F9CE0BE00066D92 /* SQBoardsPageController.swift in Sources */,
				6C1858821FA6FA3D00C1F605 /* SQLanguages.swift in Sources */,
				6C2454821FB0BECB007E6513 /* SQWebViewController.swift in Sources */,
				6C5107C11F9D82DA001A5FCD /* SQSearchPageController.swift in Sources */,
				6CFC8FD81F9EDD6300F6192F /* StringExtensions.swift in Sources */,
				6C059C801FA73D1D00950F38 /* SQFileMainPageController.swift in Sources */,
				6CDEC4631F9BBD0C00A25353 /* SQUserDetailsEntryController.swift in Sources */,
				6C1858A31FA7335D00C1F605 /* SQFileIndexModel.swift in Sources */,
				6C1858921FA7058C00C1F605 /* SQFileIndexController.swift in Sources */,
				6C3DCE3F1F9A6CBC00191F98 /* SquabDataCenter.swift in Sources */,
				6C2975251F9B3BC300917AF6 /* SQCountryPicker.swift in Sources */,
				6CDEC45D1F9B969900A25353 /* SQLoginPhoneModel.swift in Sources */,
				6C1858961FA725BE00C1F605 /* SQFileIndexCell.swift in Sources */,
				6C822FCD1FAF532100F5420B /* SQMainPageModel.swift in Sources */,
				6C96C8F81FB03F970017A38A /* SQMainPageReferenceIconsCell.swift in Sources */,
				6C3DCE3B1F9A628D00191F98 /* SquabProgressIndicator.swift in Sources */,
				6C3DCE3D1F9A64D000191F98 /* UIViewExtension.swift in Sources */,
				6C1858A11FA7335D00C1F605 /* SQFileIndexValue.swift in Sources */,
				6C5107C91F9D87F4001A5FCD /* SQSearchResultCell.swift in Sources */,
				6C96C8FD1FB04A810017A38A /* SQImageViewerController.swift in Sources */,
				6C3DCE381F9A529500191F98 /* UIViewControllerExtension.swift in Sources */,
				6C059C881FA74AD500950F38 /* SQFileIndexMenuCell.swift in Sources */,
				6CA84F8E1F9CEED70052CF71 /* SQRequestSuccessStatusModel.swift in Sources */,
				6C96C8F51FB03D130017A38A /* SQMainPageReferenceIconsList.swift in Sources */,
				6C3DCE311F9A469F00191F98 /* AppConstants.swift in Sources */,
			);
			runOnlyForDeploymentPostprocessing = 0;
		};
/* End PBXSourcesBuildPhase section */

/* Begin PBXVariantGroup section */
		6C0B86FD1F9A3D460039CAB1 /* Main.storyboard */ = {
			isa = PBXVariantGroup;
			children = (
				6C0B86FE1F9A3D460039CAB1 /* Base */,
			);
			name = Main.storyboard;
			sourceTree = "<group>";
		};
		6C0B87021F9A3D460039CAB1 /* LaunchScreen.storyboard */ = {
			isa = PBXVariantGroup;
			children = (
				6C0B87031F9A3D460039CAB1 /* Base */,
			);
			name = LaunchScreen.storyboard;
			sourceTree = "<group>";
		};
/* End PBXVariantGroup section */

/* Begin XCBuildConfiguration section */
		6C0B87061F9A3D460039CAB1 /* Debug */ = {
			isa = XCBuildConfiguration;
			buildSettings = {
				ALWAYS_SEARCH_USER_PATHS = NO;
				CLANG_ANALYZER_NONNULL = YES;
				CLANG_ANALYZER_NUMBER_OBJECT_CONVERSION = YES_AGGRESSIVE;
				CLANG_CXX_LANGUAGE_STANDARD = "gnu++0x";
				CLANG_CXX_LIBRARY = "libc++";
				CLANG_ENABLE_MODULES = YES;
				CLANG_ENABLE_OBJC_ARC = YES;
				CLANG_WARN_BOOL_CONVERSION = YES;
				CLANG_WARN_CONSTANT_CONVERSION = YES;
				CLANG_WARN_DIRECT_OBJC_ISA_USAGE = YES_ERROR;
				CLANG_WARN_DOCUMENTATION_COMMENTS = YES;
				CLANG_WARN_EMPTY_BODY = YES;
				CLANG_WARN_ENUM_CONVERSION = YES;
				CLANG_WARN_INFINITE_RECURSION = YES;
				CLANG_WARN_INT_CONVERSION = YES;
				CLANG_WARN_OBJC_ROOT_CLASS = YES_ERROR;
				CLANG_WARN_SUSPICIOUS_MOVE = YES;
				CLANG_WARN_UNREACHABLE_CODE = YES;
				CLANG_WARN__DUPLICATE_METHOD_MATCH = YES;
				"CODE_SIGN_IDENTITY[sdk=iphoneos*]" = "iPhone Developer";
				COPY_PHASE_STRIP = NO;
				DEBUG_INFORMATION_FORMAT = dwarf;
				ENABLE_STRICT_OBJC_MSGSEND = YES;
				ENABLE_TESTABILITY = YES;
				GCC_C_LANGUAGE_STANDARD = gnu99;
				GCC_DYNAMIC_NO_PIC = NO;
				GCC_NO_COMMON_BLOCKS = YES;
				GCC_OPTIMIZATION_LEVEL = 0;
				GCC_PREPROCESSOR_DEFINITIONS = (
					"DEBUG=1",
					"$(inherited)",
				);
				GCC_WARN_64_TO_32_BIT_CONVERSION = YES;
				GCC_WARN_ABOUT_RETURN_TYPE = YES_ERROR;
				GCC_WARN_UNDECLARED_SELECTOR = YES;
				GCC_WARN_UNINITIALIZED_AUTOS = YES_AGGRESSIVE;
				GCC_WARN_UNUSED_FUNCTION = YES;
				GCC_WARN_UNUSED_VARIABLE = YES;
				IPHONEOS_DEPLOYMENT_TARGET = 10.3;
				MTL_ENABLE_DEBUG_INFO = YES;
				ONLY_ACTIVE_ARCH = YES;
				SDKROOT = iphoneos;
				SWIFT_ACTIVE_COMPILATION_CONDITIONS = DEBUG;
				SWIFT_OPTIMIZATION_LEVEL = "-Onone";
			};
			name = Debug;
		};
		6C0B87071F9A3D460039CAB1 /* Release */ = {
			isa = XCBuildConfiguration;
			buildSettings = {
				ALWAYS_SEARCH_USER_PATHS = NO;
				CLANG_ANALYZER_NONNULL = YES;
				CLANG_ANALYZER_NUMBER_OBJECT_CONVERSION = YES_AGGRESSIVE;
				CLANG_CXX_LANGUAGE_STANDARD = "gnu++0x";
				CLANG_CXX_LIBRARY = "libc++";
				CLANG_ENABLE_MODULES = YES;
				CLANG_ENABLE_OBJC_ARC = YES;
				CLANG_WARN_BOOL_CONVERSION = YES;
				CLANG_WARN_CONSTANT_CONVERSION = YES;
				CLANG_WARN_DIRECT_OBJC_ISA_USAGE = YES_ERROR;
				CLANG_WARN_DOCUMENTATION_COMMENTS = YES;
				CLANG_WARN_EMPTY_BODY = YES;
				CLANG_WARN_ENUM_CONVERSION = YES;
				CLANG_WARN_INFINITE_RECURSION = YES;
				CLANG_WARN_INT_CONVERSION = YES;
				CLANG_WARN_OBJC_ROOT_CLASS = YES_ERROR;
				CLANG_WARN_SUSPICIOUS_MOVE = YES;
				CLANG_WARN_UNREACHABLE_CODE = YES;
				CLANG_WARN__DUPLICATE_METHOD_MATCH = YES;
				"CODE_SIGN_IDENTITY[sdk=iphoneos*]" = "iPhone Developer";
				COPY_PHASE_STRIP = NO;
				DEBUG_INFORMATION_FORMAT = "dwarf-with-dsym";
				ENABLE_NS_ASSERTIONS = NO;
				ENABLE_STRICT_OBJC_MSGSEND = YES;
				GCC_C_LANGUAGE_STANDARD = gnu99;
				GCC_NO_COMMON_BLOCKS = YES;
				GCC_WARN_64_TO_32_BIT_CONVERSION = YES;
				GCC_WARN_ABOUT_RETURN_TYPE = YES_ERROR;
				GCC_WARN_UNDECLARED_SELECTOR = YES;
				GCC_WARN_UNINITIALIZED_AUTOS = YES_AGGRESSIVE;
				GCC_WARN_UNUSED_FUNCTION = YES;
				GCC_WARN_UNUSED_VARIABLE = YES;
				IPHONEOS_DEPLOYMENT_TARGET = 10.3;
				MTL_ENABLE_DEBUG_INFO = NO;
				SDKROOT = iphoneos;
				SWIFT_OPTIMIZATION_LEVEL = "-Owholemodule";
				VALIDATE_PRODUCT = YES;
			};
			name = Release;
		};
		6C0B87091F9A3D460039CAB1 /* Debug */ = {
			isa = XCBuildConfiguration;
			baseConfigurationReference = 633F475763384A8D0240D86D /* Pods-Squab.debug.xcconfig */;
			buildSettings = {
				ASSETCATALOG_COMPILER_APPICON_NAME = AppIcon;
				DEVELOPMENT_TEAM = ALZVA7KATH;
				INFOPLIST_FILE = Squab/Info.plist;
				LD_RUNPATH_SEARCH_PATHS = "$(inherited) @executable_path/Frameworks";
				PRODUCT_BUNDLE_IDENTIFIER = com.nsjoker.Squab;
				PRODUCT_NAME = "$(TARGET_NAME)";
				SWIFT_VERSION = 3.0;
			};
			name = Debug;
		};
		6C0B870A1F9A3D460039CAB1 /* Release */ = {
			isa = XCBuildConfiguration;
			baseConfigurationReference = 12E611688385313CEE3FB0EB /* Pods-Squab.release.xcconfig */;
			buildSettings = {
				ASSETCATALOG_COMPILER_APPICON_NAME = AppIcon;
				DEVELOPMENT_TEAM = ALZVA7KATH;
				INFOPLIST_FILE = Squab/Info.plist;
				LD_RUNPATH_SEARCH_PATHS = "$(inherited) @executable_path/Frameworks";
				PRODUCT_BUNDLE_IDENTIFIER = com.nsjoker.Squab;
				PRODUCT_NAME = "$(TARGET_NAME)";
				SWIFT_VERSION = 3.0;
			};
			name = Release;
		};
/* End XCBuildConfiguration section */

/* Begin XCConfigurationList section */
		6C0B86F11F9A3D460039CAB1 /* Build configuration list for PBXProject "Squab" */ = {
			isa = XCConfigurationList;
			buildConfigurations = (
				6C0B87061F9A3D460039CAB1 /* Debug */,
				6C0B87071F9A3D460039CAB1 /* Release */,
			);
			defaultConfigurationIsVisible = 0;
			defaultConfigurationName = Release;
		};
		6C0B87081F9A3D460039CAB1 /* Build configuration list for PBXNativeTarget "Squab" */ = {
			isa = XCConfigurationList;
			buildConfigurations = (
				6C0B87091F9A3D460039CAB1 /* Debug */,
				6C0B870A1F9A3D460039CAB1 /* Release */,
			);
			defaultConfigurationIsVisible = 0;
			defaultConfigurationName = Release;
		};
/* End XCConfigurationList section */
	};
	rootObject = 6C0B86EE1F9A3D460039CAB1 /* Project object */;
}
