PODS:
  - Alamofire (4.0.1)
  - Fabric (1.6.13)
  - NVActivityIndicatorView (4.0.0):
    - NVActivityIndicatorView/Presenter (= 4.0.0)
  - NVActivityIndicatorView/Presenter (4.0.0)
  - SDWebImage (3.8.2):
    - SDWebImage/Core (= 3.8.2)
  - SDWebImage/Core (3.8.2)
  - SwiftMessages (3.3.3)
  - SwiftyJSON (3.0.0)

DEPENDENCIES:
  - Alamofire (~> 4.0.1)
  - Fabric
  - NVActivityIndicatorView
  - SDWebImage (~> 3.7)
  - SwiftMessages (= 3.3.3)
  - SwiftyJSON (= 3.0.0)

SPEC CHECKSUMS:
  Alamofire: 7682d43245de14874acd142ec137b144aa1dd335
  Fabric: 2fb5676bc811af011a04513451f463dac6803206
  NVActivityIndicatorView: 54c9b93b6f25a4f467512680c0c90c09a1095cf2
  SDWebImage: 098e97e6176540799c27e804c96653ee0833d13c
  SwiftMessages: 09cea3336e3fb63c3578983c8aac65acaa6d884a
  SwiftyJSON: f57b2b44bc166617372d1c70773591fe9f0f5fd4

PODFILE CHECKSUM: 4a232b497a5fac5d51b975eea60b62e43f3613ff

COCOAPODS: 1.2.1
